Microsoft Visual Studio Solution File, Format Version 11.00
# Visual Studio 2010
Project("{FAE04EC0-301F-11D3-BF4B-00C04F79EFBC}") = "BLL", "BLL\BLL.csproj", "{38D7AA58-C95B-449B-86C6-A8073A56E11F}"
EndProject
Project("{FAE04EC0-301F-11D3-BF4B-00C04F79EFBC}") = "Model", "Model\Model.csproj", "{53995DBB-9836-4647-AD22-865884FDEB9E}"
EndProject
Project("{FAE04EC0-301F-11D3-BF4B-00C04F79EFBC}") = "DAL", "DAL\DAL.csproj", "{9FE00521-3A8B-42B1-814E-585E99407B2E}"
EndProject
Project("{FAE04EC0-301F-11D3-BF4B-00C04F79EFBC}") = "DBUtility", "DBUtility\DBUtility.csproj", "{0988C62E-247F-471F-A183-DB509C7A3839}"
EndProject
Project("{FAE04EC0-301F-11D3-BF4B-00C04F79EFBC}") = "Common", "Common\Common.csproj", "{E3D8759A-C5EB-402D-9F10-F5C6029A8D1A}"
EndProject
Project("{E24C65DC-7377-472B-9ABA-BC803B73C61A}") = "Web", "Web", "{3D9854EF-85A5-44AF-B103-66E4E95B09BA}"
	ProjectSection(WebsiteProperties) = preProject
		TargetFrameworkMoniker = ".NETFramework,Version%3Dv4.0"
		ProjectReferences = "{38D7AA58-C95B-449B-86C6-A8073A56E11F}|ECSMS.BLL.dll;{E3D8759A-C5EB-402D-9F10-F5C6029A8D1A}|ECSMS.Common.dll;{9FE00521-3A8B-42B1-814E-585E99407B2E}|ECSMS.DAL.dll;{0988C62E-247F-471F-A183-DB509C7A3839}|ECSMS.DBUtility.dll;{53995DBB-9836-4647-AD22-865884FDEB9E}|ECSMS.Model.dll;{A7501FA2-86E9-4E9E-AD6F-869A60EE7405}|ECSMS.Channel.dll;"
		Debug.AspNetCompiler.VirtualPath = "/Web"
		Debug.AspNetCompiler.PhysicalPath = "Web\"
		Debug.AspNetCompiler.TargetPath = "PrecompiledWeb\Web\"
		Debug.AspNetCompiler.Updateable = "true"
		Debug.AspNetCompiler.ForceOverwrite = "true"
		Debug.AspNetCompiler.FixedNames = "false"
		Debug.AspNetCompiler.Debug = "True"
		Release.AspNetCompiler.VirtualPath = "/Web"
		Release.AspNetCompiler.PhysicalPath = "Web\"
		Release.AspNetCompiler.TargetPath = "PrecompiledWeb\Web\"
		Release.AspNetCompiler.Updateable = "true"
		Release.AspNetCompiler.ForceOverwrite = "true"
		Release.AspNetCompiler.FixedNames = "false"
		Release.AspNetCompiler.Debug = "False"
		VWDPort = "22190"
	EndProjectSection
EndProject
Project("{FAE04EC0-301F-11D3-BF4B-00C04F79EFBC}") = "Channels", "Channel\Channels.csproj", "{A7501FA2-86E9-4E9E-AD6F-869A60EE7405}"
EndProject
Project("{FAE04EC0-301F-11D3-BF4B-00C04F79EFBC}") = "ECSMSServer", "ServerApp\ECSMSServer.csproj", "{85AC0F3A-F31A-4440-B861-2FAE49454688}"
EndProject
Global
	GlobalSection(SolutionConfigurationPlatforms) = preSolution
		Debug|.NET = Debug|.NET
		Debug|Any CPU = Debug|Any CPU
		Debug|Mixed Platforms = Debug|Mixed Platforms
		Release|.NET = Release|.NET
		Release|Any CPU = Release|Any CPU
		Release|Mixed Platforms = Release|Mixed Platforms
	EndGlobalSection
	GlobalSection(ProjectConfigurationPlatforms) = postSolution
		{38D7AA58-C95B-449B-86C6-A8073A56E11F}.Debug|.NET.ActiveCfg = Debug|Any CPU
		{38D7AA58-C95B-449B-86C6-A8073A56E11F}.Debug|Any CPU.ActiveCfg = Debug|Any CPU
		{38D7AA58-C95B-449B-86C6-A8073A56E11F}.Debug|Any CPU.Build.0 = Debug|Any CPU
		{38D7AA58-C95B-449B-86C6-A8073A56E11F}.Debug|Mixed Platforms.ActiveCfg = Debug|Any CPU
		{38D7AA58-C95B-449B-86C6-A8073A56E11F}.Debug|Mixed Platforms.Build.0 = Debug|Any CPU
		{38D7AA58-C95B-449B-86C6-A8073A56E11F}.Release|.NET.ActiveCfg = Release|Any CPU
		{38D7AA58-C95B-449B-86C6-A8073A56E11F}.Release|Any CPU.ActiveCfg = Release|Any CPU
		{38D7AA58-C95B-449B-86C6-A8073A56E11F}.Release|Any CPU.Build.0 = Release|Any CPU
		{38D7AA58-C95B-449B-86C6-A8073A56E11F}.Release|Mixed Platforms.ActiveCfg = Release|Any CPU
		{38D7AA58-C95B-449B-86C6-A8073A56E11F}.Release|Mixed Platforms.Build.0 = Release|Any CPU
		{53995DBB-9836-4647-AD22-865884FDEB9E}.Debug|.NET.ActiveCfg = Debug|Any CPU
		{53995DBB-9836-4647-AD22-865884FDEB9E}.Debug|Any CPU.ActiveCfg = Debug|Any CPU
		{53995DBB-9836-4647-AD22-865884FDEB9E}.Debug|Any CPU.Build.0 = Debug|Any CPU
		{53995DBB-9836-4647-AD22-865884FDEB9E}.Debug|Mixed Platforms.ActiveCfg = Debug|Any CPU
		{53995DBB-9836-4647-AD22-865884FDEB9E}.Debug|Mixed Platforms.Build.0 = Debug|Any CPU
		{53995DBB-9836-4647-AD22-865884FDEB9E}.Release|.NET.ActiveCfg = Release|Any CPU
		{53995DBB-9836-4647-AD22-865884FDEB9E}.Release|Any CPU.ActiveCfg = Release|Any CPU
		{53995DBB-9836-4647-AD22-865884FDEB9E}.Release|Any CPU.Build.0 = Release|Any CPU
		{53995DBB-9836-4647-AD22-865884FDEB9E}.Release|Mixed Platforms.ActiveCfg = Release|Any CPU
		{53995DBB-9836-4647-AD22-865884FDEB9E}.Release|Mixed Platforms.Build.0 = Release|Any CPU
		{9FE00521-3A8B-42B1-814E-585E99407B2E}.Debug|.NET.ActiveCfg = Debug|Any CPU
		{9FE00521-3A8B-42B1-814E-585E99407B2E}.Debug|Any CPU.ActiveCfg = Debug|Any CPU
		{9FE00521-3A8B-42B1-814E-585E99407B2E}.Debug|Any CPU.Build.0 = Debug|Any CPU
		{9FE00521-3A8B-42B1-814E-585E99407B2E}.Debug|Mixed Platforms.ActiveCfg = Debug|Any CPU
		{9FE00521-3A8B-42B1-814E-585E99407B2E}.Debug|Mixed Platforms.Build.0 = Debug|Any CPU
		{9FE00521-3A8B-42B1-814E-585E99407B2E}.Release|.NET.ActiveCfg = Release|Any CPU
		{9FE00521-3A8B-42B1-814E-585E99407B2E}.Release|Any CPU.ActiveCfg = Release|Any CPU
		{9FE00521-3A8B-42B1-814E-585E99407B2E}.Release|Any CPU.Build.0 = Release|Any CPU
		{9FE00521-3A8B-42B1-814E-585E99407B2E}.Release|Mixed Platforms.ActiveCfg = Release|Any CPU
		{9FE00521-3A8B-42B1-814E-585E99407B2E}.Release|Mixed Platforms.Build.0 = Release|Any CPU
		{0988C62E-247F-471F-A183-DB509C7A3839}.Debug|.NET.ActiveCfg = Debug|Any CPU
		{0988C62E-247F-471F-A183-DB509C7A3839}.Debug|Any CPU.ActiveCfg = Debug|Any CPU
		{0988C62E-247F-471F-A183-DB509C7A3839}.Debug|Any CPU.Build.0 = Debug|Any CPU
		{0988C62E-247F-471F-A183-DB509C7A3839}.Debug|Mixed Platforms.ActiveCfg = Debug|Any CPU
		{0988C62E-247F-471F-A183-DB509C7A3839}.Debug|Mixed Platforms.Build.0 = Debug|Any CPU
		{0988C62E-247F-471F-A183-DB509C7A3839}.Release|.NET.ActiveCfg = Release|Any CPU
		{0988C62E-247F-471F-A183-DB509C7A3839}.Release|Any CPU.ActiveCfg = Release|Any CPU
		{0988C62E-247F-471F-A183-DB509C7A3839}.Release|Any CPU.Build.0 = Release|Any CPU
		{0988C62E-247F-471F-A183-DB509C7A3839}.Release|Mixed Platforms.ActiveCfg = Release|Any CPU
		{0988C62E-247F-471F-A183-DB509C7A3839}.Release|Mixed Platforms.Build.0 = Release|Any CPU
		{E3D8759A-C5EB-402D-9F10-F5C6029A8D1A}.Debug|.NET.ActiveCfg = Debug|Any CPU
		{E3D8759A-C5EB-402D-9F10-F5C6029A8D1A}.Debug|Any CPU.ActiveCfg = Debug|Any CPU
		{E3D8759A-C5EB-402D-9F10-F5C6029A8D1A}.Debug|Any CPU.Build.0 = Debug|Any CPU
		{E3D8759A-C5EB-402D-9F10-F5C6029A8D1A}.Debug|Mixed Platforms.ActiveCfg = Debug|Any CPU
		{E3D8759A-C5EB-402D-9F10-F5C6029A8D1A}.Debug|Mixed Platforms.Build.0 = Debug|Any CPU
		{E3D8759A-C5EB-402D-9F10-F5C6029A8D1A}.Release|.NET.ActiveCfg = Release|Any CPU
		{E3D8759A-C5EB-402D-9F10-F5C6029A8D1A}.Release|Any CPU.ActiveCfg = Release|Any CPU
		{E3D8759A-C5EB-402D-9F10-F5C6029A8D1A}.Release|Any CPU.Build.0 = Release|Any CPU
		{E3D8759A-C5EB-402D-9F10-F5C6029A8D1A}.Release|Mixed Platforms.ActiveCfg = Release|Any CPU
		{E3D8759A-C5EB-402D-9F10-F5C6029A8D1A}.Release|Mixed Platforms.Build.0 = Release|Any CPU
		{3D9854EF-85A5-44AF-B103-66E4E95B09BA}.Debug|.NET.ActiveCfg = Debug|Any CPU
		{3D9854EF-85A5-44AF-B103-66E4E95B09BA}.Debug|Any CPU.ActiveCfg = Debug|Any CPU
		{3D9854EF-85A5-44AF-B103-66E4E95B09BA}.Debug|Any CPU.Build.0 = Debug|Any CPU
		{3D9854EF-85A5-44AF-B103-66E4E95B09BA}.Debug|Mixed Platforms.ActiveCfg = Debug|Any CPU
		{3D9854EF-85A5-44AF-B103-66E4E95B09BA}.Debug|Mixed Platforms.Build.0 = Debug|Any CPU
		{3D9854EF-85A5-44AF-B103-66E4E95B09BA}.Release|.NET.ActiveCfg = Debug|Any CPU
		{3D9854EF-85A5-44AF-B103-66E4E95B09BA}.Release|Any CPU.ActiveCfg = Debug|Any CPU
		{3D9854EF-85A5-44AF-B103-66E4E95B09BA}.Release|Any CPU.Build.0 = Debug|Any CPU
		{3D9854EF-85A5-44AF-B103-66E4E95B09BA}.Release|Mixed Platforms.ActiveCfg = Debug|Any CPU
		{3D9854EF-85A5-44AF-B103-66E4E95B09BA}.Release|Mixed Platforms.Build.0 = Debug|Any CPU
		{A7501FA2-86E9-4E9E-AD6F-869A60EE7405}.Debug|.NET.ActiveCfg = Debug|Any CPU
		{A7501FA2-86E9-4E9E-AD6F-869A60EE7405}.Debug|Any CPU.ActiveCfg = Debug|Any CPU
		{A7501FA2-86E9-4E9E-AD6F-869A60EE7405}.Debug|Any CPU.Build.0 = Debug|Any CPU
		{A7501FA2-86E9-4E9E-AD6F-869A60EE7405}.Debug|Mixed Platforms.ActiveCfg = Debug|Any CPU
		{A7501FA2-86E9-4E9E-AD6F-869A60EE7405}.Debug|Mixed Platforms.Build.0 = Debug|Any CPU
		{A7501FA2-86E9-4E9E-AD6F-869A60EE7405}.Release|.NET.ActiveCfg = Release|Any CPU
		{A7501FA2-86E9-4E9E-AD6F-869A60EE7405}.Release|Any CPU.ActiveCfg = Release|Any CPU
		{A7501FA2-86E9-4E9E-AD6F-869A60EE7405}.Release|Any CPU.Build.0 = Release|Any CPU
		{A7501FA2-86E9-4E9E-AD6F-869A60EE7405}.Release|Mixed Platforms.ActiveCfg = Release|Any CPU
		{A7501FA2-86E9-4E9E-AD6F-869A60EE7405}.Release|Mixed Platforms.Build.0 = Release|Any CPU
		{85AC0F3A-F31A-4440-B861-2FAE49454688}.Debug|.NET.ActiveCfg = Debug|Any CPU
		{85AC0F3A-F31A-4440-B861-2FAE49454688}.Debug|Any CPU.ActiveCfg = Debug|Any CPU
		{85AC0F3A-F31A-4440-B861-2FAE49454688}.Debug|Any CPU.Build.0 = Debug|Any CPU
		{85AC0F3A-F31A-4440-B861-2FAE49454688}.Debug|Mixed Platforms.ActiveCfg = Debug|Any CPU
		{85AC0F3A-F31A-4440-B861-2FAE49454688}.Debug|Mixed Platforms.Build.0 = Debug|Any CPU
		{85AC0F3A-F31A-4440-B861-2FAE49454688}.Release|.NET.ActiveCfg = Release|Any CPU
		{85AC0F3A-F31A-4440-B861-2FAE49454688}.Release|Any CPU.ActiveCfg = Release|Any CPU
		{85AC0F3A-F31A-4440-B861-2FAE49454688}.Release|Any CPU.Build.0 = Release|Any CPU
		{85AC0F3A-F31A-4440-B861-2FAE49454688}.Release|Mixed Platforms.ActiveCfg = Release|Any CPU
		{85AC0F3A-F31A-4440-B861-2FAE49454688}.Release|Mixed Platforms.Build.0 = Release|Any CPU
	EndGlobalSection
	GlobalSection(SolutionProperties) = preSolution
		HideSolutionNode = FALSE
	EndGlobalSection
EndGlobal
